
Microsoft Visual Studio Solution File, Format Version 12.00
# Visual Studio 14
VisualStudioVersion = 14.0.25420.1
MinimumVisualStudioVersion = 10.0.40219.1
Project("{FAE04EC0-301F-11D3-BF4B-00C04F79EFBC}") = "Influence.Web", "Influence.Web\Influence.Web.csproj", "{81EF8DF0-B5FC-4514-B692-B5C06D5DD5C5}"
EndProject
Project("{FAE04EC0-301F-11D3-BF4B-00C04F79EFBC}") = "Influence.Domain", "Influence.Domain\Influence.Domain.csproj", "{1F1F5ABC-3B01-454A-909D-2894EAEF680F}"
EndProject
Project("{FAE04EC0-301F-11D3-BF4B-00C04F79EFBC}") = "Influence.Services", "Influence.Services\Influence.Services.csproj", "{3291F932-D71F-4A6D-8025-2FB823E95B14}"
EndProject
Project("{FAE04EC0-301F-11D3-BF4B-00C04F79EFBC}") = "Influence.WinClient", "Influence.WinClient\Influence.WinClient.csproj", "{68A69F3B-D2F8-4E80-8242-7F03A583AFB9}"
EndProject
Global
	GlobalSection(SolutionConfigurationPlatforms) = preSolution
		Debug|Any CPU = Debug|Any CPU
		Release|Any CPU = Release|Any CPU
	EndGlobalSection
	GlobalSection(ProjectConfigurationPlatforms) = postSolution
		{81EF8DF0-B5FC-4514-B692-B5C06D5DD5C5}.Debug|Any CPU.ActiveCfg = Debug|Any CPU
		{81EF8DF0-B5FC-4514-B692-B5C06D5DD5C5}.Debug|Any CPU.Build.0 = Debug|Any CPU
		{81EF8DF0-B5FC-4514-B692-B5C06D5DD5C5}.Release|Any CPU.ActiveCfg = Release|Any CPU
		{81EF8DF0-B5FC-4514-B692-B5C06D5DD5C5}.Release|Any CPU.Build.0 = Release|Any CPU
		{1F1F5ABC-3B01-454A-909D-2894EAEF680F}.Debug|Any CPU.ActiveCfg = Debug|Any CPU
		{1F1F5ABC-3B01-454A-909D-2894EAEF680F}.Debug|Any CPU.Build.0 = Debug|Any CPU
		{1F1F5ABC-3B01-454A-909D-2894EAEF680F}.Release|Any CPU.ActiveCfg = Release|Any CPU
		{1F1F5ABC-3B01-454A-909D-2894EAEF680F}.Release|Any CPU.Build.0 = Release|Any CPU
		{3291F932-D71F-4A6D-8025-2FB823E95B14}.Debug|Any CPU.ActiveCfg = Debug|Any CPU
		{3291F932-D71F-4A6D-8025-2FB823E95B14}.Debug|Any CPU.Build.0 = Debug|Any CPU
		{3291F932-D71F-4A6D-8025-2FB823E95B14}.Release|Any CPU.ActiveCfg = Release|Any CPU
		{3291F932-D71F-4A6D-8025-2FB823E95B14}.Release|Any CPU.Build.0 = Release|Any CPU
		{68A69F3B-D2F8-4E80-8242-7F03A583AFB9}.Debug|Any CPU.ActiveCfg = Debug|Any CPU
		{68A69F3B-D2F8-4E80-8242-7F03A583AFB9}.Debug|Any CPU.Build.0 = Debug|Any CPU
		{68A69F3B-D2F8-4E80-8242-7F03A583AFB9}.Release|Any CPU.ActiveCfg = Release|Any CPU
		{68A69F3B-D2F8-4E80-8242-7F03A583AFB9}.Release|Any CPU.Build.0 = Release|Any CPU
	EndGlobalSection
	GlobalSection(SolutionProperties) = preSolution
		HideSolutionNode = FALSE
	EndGlobalSection
EndGlobal
